
Microsoft Visual Studio Solution File, Format Version 12.00
# Visual Studio 14
VisualStudioVersion = 14.0.25420.1
MinimumVisualStudioVersion = 10.0.40219.1
Project("{FAE04EC0-301F-11D3-BF4B-00C04F79EFBC}") = "Box9.Leds.Manager.Api", "Box9.Leds.Manager.Api\Box9.Leds.Manager.Api.csproj", "{6FC9E0A2-C8B1-4CB1-9AA7-BD0635CE34DF}"
EndProject
Project("{FAE04EC0-301F-11D3-BF4B-00C04F79EFBC}") = "Box9.Leds.Manager.DataAccess", "Box9.Leds.Manager.DataAccess\Box9.Leds.Manager.DataAccess.csproj", "{0F776D21-878C-4C2E-9681-E0816E1C3769}"
EndProject
Project("{FAE04EC0-301F-11D3-BF4B-00C04F79EFBC}") = "Box9.Leds.Manager.Core", "Box9.Leds.Manager.Core\Box9.Leds.Manager.Core.csproj", "{9EC478A1-28A1-4D7F-AE59-2DA56BE36D98}"
EndProject
Project("{FAE04EC0-301F-11D3-BF4B-00C04F79EFBC}") = "Box9.Leds.Manager.WebHost", "Box9.Leds.Manager.WebHost\Box9.Leds.Manager.WebHost.csproj", "{18D73078-F77B-48A5-8A70-4F3517FFF864}"
EndProject
Project("{FAE04EC0-301F-11D3-BF4B-00C04F79EFBC}") = "Box9.Leds.Manager.Services", "Box9.Leds.Manager.Services\Box9.Leds.Manager.Services.csproj", "{B88D81D9-EB78-4B61-A191-1FC4E00DBFAE}"
EndProject
Project("{2150E333-8FDC-42A3-9474-1A3956D46DE8}") = "Tests", "Tests", "{FE1433E4-D4D0-4D6C-B869-C29B446BF340}"
EndProject
Project("{FAE04EC0-301F-11D3-BF4B-00C04F79EFBC}") = "Box9.Leds.Manager.DataAccess.Tests", "Box9.Leds.Manager.DataAccess.Tests\Box9.Leds.Manager.DataAccess.Tests.csproj", "{8B4A83CD-7512-4246-8856-7631B965C48A}"
EndProject
Project("{FAE04EC0-301F-11D3-BF4B-00C04F79EFBC}") = "Box9.Leds.Manager.PiApiClient", "Box9.Leds.Manager.PiApiClient\Box9.Leds.Manager.PiApiClient.csproj", "{64E7727D-0A7B-4BB8-87D2-1F7642164E59}"
EndProject
Global
	GlobalSection(SolutionConfigurationPlatforms) = preSolution
		Debug|Any CPU = Debug|Any CPU
		Debug|x86 = Debug|x86
		Release|Any CPU = Release|Any CPU
		Release|x86 = Release|x86
	EndGlobalSection
	GlobalSection(ProjectConfigurationPlatforms) = postSolution
		{6FC9E0A2-C8B1-4CB1-9AA7-BD0635CE34DF}.Debug|Any CPU.ActiveCfg = Debug|Any CPU
		{6FC9E0A2-C8B1-4CB1-9AA7-BD0635CE34DF}.Debug|Any CPU.Build.0 = Debug|Any CPU
		{6FC9E0A2-C8B1-4CB1-9AA7-BD0635CE34DF}.Debug|x86.ActiveCfg = Debug|x86
		{6FC9E0A2-C8B1-4CB1-9AA7-BD0635CE34DF}.Debug|x86.Build.0 = Debug|x86
		{6FC9E0A2-C8B1-4CB1-9AA7-BD0635CE34DF}.Release|Any CPU.ActiveCfg = Release|Any CPU
		{6FC9E0A2-C8B1-4CB1-9AA7-BD0635CE34DF}.Release|Any CPU.Build.0 = Release|Any CPU
		{6FC9E0A2-C8B1-4CB1-9AA7-BD0635CE34DF}.Release|x86.ActiveCfg = Release|x86
		{6FC9E0A2-C8B1-4CB1-9AA7-BD0635CE34DF}.Release|x86.Build.0 = Release|x86
		{0F776D21-878C-4C2E-9681-E0816E1C3769}.Debug|Any CPU.ActiveCfg = Debug|Any CPU
		{0F776D21-878C-4C2E-9681-E0816E1C3769}.Debug|Any CPU.Build.0 = Debug|Any CPU
		{0F776D21-878C-4C2E-9681-E0816E1C3769}.Debug|x86.ActiveCfg = Debug|x86
		{0F776D21-878C-4C2E-9681-E0816E1C3769}.Debug|x86.Build.0 = Debug|x86
		{0F776D21-878C-4C2E-9681-E0816E1C3769}.Release|Any CPU.ActiveCfg = Release|Any CPU
		{0F776D21-878C-4C2E-9681-E0816E1C3769}.Release|Any CPU.Build.0 = Release|Any CPU
		{0F776D21-878C-4C2E-9681-E0816E1C3769}.Release|x86.ActiveCfg = Release|x86
		{0F776D21-878C-4C2E-9681-E0816E1C3769}.Release|x86.Build.0 = Release|x86
		{9EC478A1-28A1-4D7F-AE59-2DA56BE36D98}.Debug|Any CPU.ActiveCfg = Debug|Any CPU
		{9EC478A1-28A1-4D7F-AE59-2DA56BE36D98}.Debug|Any CPU.Build.0 = Debug|Any CPU
		{9EC478A1-28A1-4D7F-AE59-2DA56BE36D98}.Debug|x86.ActiveCfg = Debug|x86
		{9EC478A1-28A1-4D7F-AE59-2DA56BE36D98}.Debug|x86.Build.0 = Debug|x86
		{9EC478A1-28A1-4D7F-AE59-2DA56BE36D98}.Release|Any CPU.ActiveCfg = Release|Any CPU
		{9EC478A1-28A1-4D7F-AE59-2DA56BE36D98}.Release|Any CPU.Build.0 = Release|Any CPU
		{9EC478A1-28A1-4D7F-AE59-2DA56BE36D98}.Release|x86.ActiveCfg = Release|x86
		{9EC478A1-28A1-4D7F-AE59-2DA56BE36D98}.Release|x86.Build.0 = Release|x86
		{18D73078-F77B-48A5-8A70-4F3517FFF864}.Debug|Any CPU.ActiveCfg = Debug|Any CPU
		{18D73078-F77B-48A5-8A70-4F3517FFF864}.Debug|Any CPU.Build.0 = Debug|Any CPU
		{18D73078-F77B-48A5-8A70-4F3517FFF864}.Debug|x86.ActiveCfg = Debug|x86
		{18D73078-F77B-48A5-8A70-4F3517FFF864}.Debug|x86.Build.0 = Debug|x86
		{18D73078-F77B-48A5-8A70-4F3517FFF864}.Release|Any CPU.ActiveCfg = Release|Any CPU
		{18D73078-F77B-48A5-8A70-4F3517FFF864}.Release|Any CPU.Build.0 = Release|Any CPU
		{18D73078-F77B-48A5-8A70-4F3517FFF864}.Release|x86.ActiveCfg = Release|x86
		{18D73078-F77B-48A5-8A70-4F3517FFF864}.Release|x86.Build.0 = Release|x86
		{B88D81D9-EB78-4B61-A191-1FC4E00DBFAE}.Debug|Any CPU.ActiveCfg = Debug|Any CPU
		{B88D81D9-EB78-4B61-A191-1FC4E00DBFAE}.Debug|Any CPU.Build.0 = Debug|Any CPU
		{B88D81D9-EB78-4B61-A191-1FC4E00DBFAE}.Debug|x86.ActiveCfg = Debug|x86
		{B88D81D9-EB78-4B61-A191-1FC4E00DBFAE}.Debug|x86.Build.0 = Debug|x86
		{B88D81D9-EB78-4B61-A191-1FC4E00DBFAE}.Release|Any CPU.ActiveCfg = Release|Any CPU
		{B88D81D9-EB78-4B61-A191-1FC4E00DBFAE}.Release|Any CPU.Build.0 = Release|Any CPU
		{B88D81D9-EB78-4B61-A191-1FC4E00DBFAE}.Release|x86.ActiveCfg = Release|x86
		{B88D81D9-EB78-4B61-A191-1FC4E00DBFAE}.Release|x86.Build.0 = Release|x86
		{8B4A83CD-7512-4246-8856-7631B965C48A}.Debug|Any CPU.ActiveCfg = Debug|Any CPU
		{8B4A83CD-7512-4246-8856-7631B965C48A}.Debug|Any CPU.Build.0 = Debug|Any CPU
		{8B4A83CD-7512-4246-8856-7631B965C48A}.Debug|x86.ActiveCfg = Debug|x86
		{8B4A83CD-7512-4246-8856-7631B965C48A}.Debug|x86.Build.0 = Debug|x86
		{8B4A83CD-7512-4246-8856-7631B965C48A}.Release|Any CPU.ActiveCfg = Release|Any CPU
		{8B4A83CD-7512-4246-8856-7631B965C48A}.Release|Any CPU.Build.0 = Release|Any CPU
		{8B4A83CD-7512-4246-8856-7631B965C48A}.Release|x86.ActiveCfg = Release|x86
		{8B4A83CD-7512-4246-8856-7631B965C48A}.Release|x86.Build.0 = Release|x86
		{64E7727D-0A7B-4BB8-87D2-1F7642164E59}.Debug|Any CPU.ActiveCfg = Debug|Any CPU
		{64E7727D-0A7B-4BB8-87D2-1F7642164E59}.Debug|Any CPU.Build.0 = Debug|Any CPU
		{64E7727D-0A7B-4BB8-87D2-1F7642164E59}.Debug|x86.ActiveCfg = Debug|x86
		{64E7727D-0A7B-4BB8-87D2-1F7642164E59}.Debug|x86.Build.0 = Debug|x86
		{64E7727D-0A7B-4BB8-87D2-1F7642164E59}.Release|Any CPU.ActiveCfg = Release|Any CPU
		{64E7727D-0A7B-4BB8-87D2-1F7642164E59}.Release|Any CPU.Build.0 = Release|Any CPU
		{64E7727D-0A7B-4BB8-87D2-1F7642164E59}.Release|x86.ActiveCfg = Release|x86
		{64E7727D-0A7B-4BB8-87D2-1F7642164E59}.Release|x86.Build.0 = Release|x86
	EndGlobalSection
	GlobalSection(SolutionProperties) = preSolution
		HideSolutionNode = FALSE
	EndGlobalSection
	GlobalSection(NestedProjects) = preSolution
		{8B4A83CD-7512-4246-8856-7631B965C48A} = {FE1433E4-D4D0-4D6C-B869-C29B446BF340}
	EndGlobalSection
EndGlobal
